
Microsoft Visual Studio Solution File, Format Version 12.00
# Visual Studio 2013
VisualStudioVersion = 12.0.21005.1
MinimumVisualStudioVersion = 10.0.40219.1
Project("{FAE04EC0-301F-11D3-BF4B-00C04F79EFBC}") = "FreeMoVR App", "FreeMoVR App\FreeMoVR App.csproj", "{F4383484-AEFC-460D-AEED-A3AE38620E5B}"
	ProjectSection(ProjectDependencies) = postProject
		{49AC6658-B151-4F09-B48E-9A836F6833BA} = {49AC6658-B151-4F09-B48E-9A836F6833BA}
	EndProjectSection
EndProject
Project("{2150E333-8FDC-42A3-9474-1A3956D46DE8}") = "Solution Items", "Solution Items", "{B13C693C-D39B-47F3-A84C-2AB8A7BA4551}"
	ProjectSection(SolutionItems) = preProject
		README.md = README.md
	EndProjectSection
EndProject
Project("{FAE04EC0-301F-11D3-BF4B-00C04F79EFBC}") = "FreeMoVR Server", "FreeMoVR Server\FreeMoVR Server.csproj", "{49AC6658-B151-4F09-B48E-9A836F6833BA}"
EndProject
Project("{FAE04EC0-301F-11D3-BF4B-00C04F79EFBC}") = "FreeMoVR Server2", "FreeMoVR Server2\FreeMoVR Server2.csproj", "{D5A56D74-9C76-4EFA-A1D2-84E3AC837270}"
EndProject
Project("{FAE04EC0-301F-11D3-BF4B-00C04F79EFBC}") = "FreeMoVR Server3", "FreeMoVR Server3\FreeMoVR Server3.csproj", "{D632FBB2-FD7C-4956-BDE5-77B33EF40B39}"
EndProject
Project("{FAE04EC0-301F-11D3-BF4B-00C04F79EFBC}") = "FreeMoVR Simple Server", "FreeMoVR Simple Server\FreeMoVR Simple Server.csproj", "{137483D8-9DA8-4E59-8738-2E393B629EEF}"
EndProject
Project("{FAE04EC0-301F-11D3-BF4B-00C04F79EFBC}") = "FreeMoVR Simple Client", "FreeMoVR Simple Client\FreeMoVR Simple Client.csproj", "{9F06A0F8-308C-4652-8414-A12C77F2938C}"
EndProject
Project("{FAE04EC0-301F-11D3-BF4B-00C04F79EFBC}") = "FreeMoVR Simple Server2", "FreeMoVR Simple Server2\FreeMoVR Simple Server2.csproj", "{203B430C-AE0D-4372-BC29-3793D913FB3F}"
EndProject
Project("{FAE04EC0-301F-11D3-BF4B-00C04F79EFBC}") = "FreeMoVR App2", "FreeMoVR App2\FreeMoVR App2.csproj", "{69582648-7512-4F0C-B126-661998ACB1FC}"
EndProject
Global
	GlobalSection(SolutionConfigurationPlatforms) = preSolution
		Debug|Any CPU = Debug|Any CPU
		Debug|ARM = Debug|ARM
		Debug|x64 = Debug|x64
		Debug|x86 = Debug|x86
		Release|Any CPU = Release|Any CPU
		Release|ARM = Release|ARM
		Release|x64 = Release|x64
		Release|x86 = Release|x86
	EndGlobalSection
	GlobalSection(ProjectConfigurationPlatforms) = postSolution
		{F4383484-AEFC-460D-AEED-A3AE38620E5B}.Debug|Any CPU.ActiveCfg = Debug|Any CPU
		{F4383484-AEFC-460D-AEED-A3AE38620E5B}.Debug|Any CPU.Build.0 = Debug|Any CPU
		{F4383484-AEFC-460D-AEED-A3AE38620E5B}.Debug|Any CPU.Deploy.0 = Debug|Any CPU
		{F4383484-AEFC-460D-AEED-A3AE38620E5B}.Debug|ARM.ActiveCfg = Debug|ARM
		{F4383484-AEFC-460D-AEED-A3AE38620E5B}.Debug|ARM.Build.0 = Debug|ARM
		{F4383484-AEFC-460D-AEED-A3AE38620E5B}.Debug|ARM.Deploy.0 = Debug|ARM
		{F4383484-AEFC-460D-AEED-A3AE38620E5B}.Debug|x64.ActiveCfg = Debug|x64
		{F4383484-AEFC-460D-AEED-A3AE38620E5B}.Debug|x64.Build.0 = Debug|x64
		{F4383484-AEFC-460D-AEED-A3AE38620E5B}.Debug|x64.Deploy.0 = Debug|x64
		{F4383484-AEFC-460D-AEED-A3AE38620E5B}.Debug|x86.ActiveCfg = Debug|x86
		{F4383484-AEFC-460D-AEED-A3AE38620E5B}.Debug|x86.Build.0 = Debug|x86
		{F4383484-AEFC-460D-AEED-A3AE38620E5B}.Debug|x86.Deploy.0 = Debug|x86
		{F4383484-AEFC-460D-AEED-A3AE38620E5B}.Release|Any CPU.ActiveCfg = Release|Any CPU
		{F4383484-AEFC-460D-AEED-A3AE38620E5B}.Release|Any CPU.Build.0 = Release|Any CPU
		{F4383484-AEFC-460D-AEED-A3AE38620E5B}.Release|Any CPU.Deploy.0 = Release|Any CPU
		{F4383484-AEFC-460D-AEED-A3AE38620E5B}.Release|ARM.ActiveCfg = Release|ARM
		{F4383484-AEFC-460D-AEED-A3AE38620E5B}.Release|ARM.Build.0 = Release|ARM
		{F4383484-AEFC-460D-AEED-A3AE38620E5B}.Release|ARM.Deploy.0 = Release|ARM
		{F4383484-AEFC-460D-AEED-A3AE38620E5B}.Release|x64.ActiveCfg = Release|x64
		{F4383484-AEFC-460D-AEED-A3AE38620E5B}.Release|x64.Build.0 = Release|x64
		{F4383484-AEFC-460D-AEED-A3AE38620E5B}.Release|x64.Deploy.0 = Release|x64
		{F4383484-AEFC-460D-AEED-A3AE38620E5B}.Release|x86.ActiveCfg = Release|x86
		{F4383484-AEFC-460D-AEED-A3AE38620E5B}.Release|x86.Build.0 = Release|x86
		{F4383484-AEFC-460D-AEED-A3AE38620E5B}.Release|x86.Deploy.0 = Release|x86
		{49AC6658-B151-4F09-B48E-9A836F6833BA}.Debug|Any CPU.ActiveCfg = Debug|Any CPU
		{49AC6658-B151-4F09-B48E-9A836F6833BA}.Debug|Any CPU.Build.0 = Debug|Any CPU
		{49AC6658-B151-4F09-B48E-9A836F6833BA}.Debug|Any CPU.Deploy.0 = Debug|Any CPU
		{49AC6658-B151-4F09-B48E-9A836F6833BA}.Debug|ARM.ActiveCfg = Debug|Any CPU
		{49AC6658-B151-4F09-B48E-9A836F6833BA}.Debug|x64.ActiveCfg = Debug|Any CPU
		{49AC6658-B151-4F09-B48E-9A836F6833BA}.Debug|x86.ActiveCfg = Debug|Any CPU
		{49AC6658-B151-4F09-B48E-9A836F6833BA}.Release|Any CPU.ActiveCfg = Release|Any CPU
		{49AC6658-B151-4F09-B48E-9A836F6833BA}.Release|Any CPU.Build.0 = Release|Any CPU
		{49AC6658-B151-4F09-B48E-9A836F6833BA}.Release|ARM.ActiveCfg = Release|Any CPU
		{49AC6658-B151-4F09-B48E-9A836F6833BA}.Release|x64.ActiveCfg = Release|Any CPU
		{49AC6658-B151-4F09-B48E-9A836F6833BA}.Release|x86.ActiveCfg = Release|Any CPU
		{D5A56D74-9C76-4EFA-A1D2-84E3AC837270}.Debug|Any CPU.ActiveCfg = Debug|Any CPU
		{D5A56D74-9C76-4EFA-A1D2-84E3AC837270}.Debug|Any CPU.Build.0 = Debug|Any CPU
		{D5A56D74-9C76-4EFA-A1D2-84E3AC837270}.Debug|ARM.ActiveCfg = Debug|Any CPU
		{D5A56D74-9C76-4EFA-A1D2-84E3AC837270}.Debug|x64.ActiveCfg = Debug|Any CPU
		{D5A56D74-9C76-4EFA-A1D2-84E3AC837270}.Debug|x86.ActiveCfg = Debug|Any CPU
		{D5A56D74-9C76-4EFA-A1D2-84E3AC837270}.Release|Any CPU.ActiveCfg = Release|Any CPU
		{D5A56D74-9C76-4EFA-A1D2-84E3AC837270}.Release|Any CPU.Build.0 = Release|Any CPU
		{D5A56D74-9C76-4EFA-A1D2-84E3AC837270}.Release|ARM.ActiveCfg = Release|Any CPU
		{D5A56D74-9C76-4EFA-A1D2-84E3AC837270}.Release|x64.ActiveCfg = Release|Any CPU
		{D5A56D74-9C76-4EFA-A1D2-84E3AC837270}.Release|x86.ActiveCfg = Release|Any CPU
		{D632FBB2-FD7C-4956-BDE5-77B33EF40B39}.Debug|Any CPU.ActiveCfg = Debug|Any CPU
		{D632FBB2-FD7C-4956-BDE5-77B33EF40B39}.Debug|Any CPU.Build.0 = Debug|Any CPU
		{D632FBB2-FD7C-4956-BDE5-77B33EF40B39}.Debug|ARM.ActiveCfg = Debug|Any CPU
		{D632FBB2-FD7C-4956-BDE5-77B33EF40B39}.Debug|x64.ActiveCfg = Debug|Any CPU
		{D632FBB2-FD7C-4956-BDE5-77B33EF40B39}.Debug|x86.ActiveCfg = Debug|Any CPU
		{D632FBB2-FD7C-4956-BDE5-77B33EF40B39}.Release|Any CPU.ActiveCfg = Release|Any CPU
		{D632FBB2-FD7C-4956-BDE5-77B33EF40B39}.Release|Any CPU.Build.0 = Release|Any CPU
		{D632FBB2-FD7C-4956-BDE5-77B33EF40B39}.Release|ARM.ActiveCfg = Release|Any CPU
		{D632FBB2-FD7C-4956-BDE5-77B33EF40B39}.Release|x64.ActiveCfg = Release|Any CPU
		{D632FBB2-FD7C-4956-BDE5-77B33EF40B39}.Release|x86.ActiveCfg = Release|Any CPU
		{137483D8-9DA8-4E59-8738-2E393B629EEF}.Debug|Any CPU.ActiveCfg = Debug|Any CPU
		{137483D8-9DA8-4E59-8738-2E393B629EEF}.Debug|Any CPU.Build.0 = Debug|Any CPU
		{137483D8-9DA8-4E59-8738-2E393B629EEF}.Debug|ARM.ActiveCfg = Debug|Any CPU
		{137483D8-9DA8-4E59-8738-2E393B629EEF}.Debug|x64.ActiveCfg = Debug|Any CPU
		{137483D8-9DA8-4E59-8738-2E393B629EEF}.Debug|x86.ActiveCfg = Debug|Any CPU
		{137483D8-9DA8-4E59-8738-2E393B629EEF}.Release|Any CPU.ActiveCfg = Release|Any CPU
		{137483D8-9DA8-4E59-8738-2E393B629EEF}.Release|Any CPU.Build.0 = Release|Any CPU
		{137483D8-9DA8-4E59-8738-2E393B629EEF}.Release|ARM.ActiveCfg = Release|Any CPU
		{137483D8-9DA8-4E59-8738-2E393B629EEF}.Release|x64.ActiveCfg = Release|Any CPU
		{137483D8-9DA8-4E59-8738-2E393B629EEF}.Release|x86.ActiveCfg = Release|Any CPU
		{9F06A0F8-308C-4652-8414-A12C77F2938C}.Debug|Any CPU.ActiveCfg = Debug|Any CPU
		{9F06A0F8-308C-4652-8414-A12C77F2938C}.Debug|Any CPU.Build.0 = Debug|Any CPU
		{9F06A0F8-308C-4652-8414-A12C77F2938C}.Debug|Any CPU.Deploy.0 = Debug|Any CPU
		{9F06A0F8-308C-4652-8414-A12C77F2938C}.Debug|ARM.ActiveCfg = Debug|ARM
		{9F06A0F8-308C-4652-8414-A12C77F2938C}.Debug|ARM.Build.0 = Debug|ARM
		{9F06A0F8-308C-4652-8414-A12C77F2938C}.Debug|ARM.Deploy.0 = Debug|ARM
		{9F06A0F8-308C-4652-8414-A12C77F2938C}.Debug|x64.ActiveCfg = Debug|x64
		{9F06A0F8-308C-4652-8414-A12C77F2938C}.Debug|x64.Build.0 = Debug|x64
		{9F06A0F8-308C-4652-8414-A12C77F2938C}.Debug|x64.Deploy.0 = Debug|x64
		{9F06A0F8-308C-4652-8414-A12C77F2938C}.Debug|x86.ActiveCfg = Debug|x86
		{9F06A0F8-308C-4652-8414-A12C77F2938C}.Debug|x86.Build.0 = Debug|x86
		{9F06A0F8-308C-4652-8414-A12C77F2938C}.Debug|x86.Deploy.0 = Debug|x86
		{9F06A0F8-308C-4652-8414-A12C77F2938C}.Release|Any CPU.ActiveCfg = Release|Any CPU
		{9F06A0F8-308C-4652-8414-A12C77F2938C}.Release|Any CPU.Build.0 = Release|Any CPU
		{9F06A0F8-308C-4652-8414-A12C77F2938C}.Release|Any CPU.Deploy.0 = Release|Any CPU
		{9F06A0F8-308C-4652-8414-A12C77F2938C}.Release|ARM.ActiveCfg = Release|ARM
		{9F06A0F8-308C-4652-8414-A12C77F2938C}.Release|ARM.Build.0 = Release|ARM
		{9F06A0F8-308C-4652-8414-A12C77F2938C}.Release|ARM.Deploy.0 = Release|ARM
		{9F06A0F8-308C-4652-8414-A12C77F2938C}.Release|x64.ActiveCfg = Release|x64
		{9F06A0F8-308C-4652-8414-A12C77F2938C}.Release|x64.Build.0 = Release|x64
		{9F06A0F8-308C-4652-8414-A12C77F2938C}.Release|x64.Deploy.0 = Release|x64
		{9F06A0F8-308C-4652-8414-A12C77F2938C}.Release|x86.ActiveCfg = Release|x86
		{9F06A0F8-308C-4652-8414-A12C77F2938C}.Release|x86.Build.0 = Release|x86
		{9F06A0F8-308C-4652-8414-A12C77F2938C}.Release|x86.Deploy.0 = Release|x86
		{203B430C-AE0D-4372-BC29-3793D913FB3F}.Debug|Any CPU.ActiveCfg = Debug|Any CPU
		{203B430C-AE0D-4372-BC29-3793D913FB3F}.Debug|Any CPU.Build.0 = Debug|Any CPU
		{203B430C-AE0D-4372-BC29-3793D913FB3F}.Debug|ARM.ActiveCfg = Debug|Any CPU
		{203B430C-AE0D-4372-BC29-3793D913FB3F}.Debug|x64.ActiveCfg = Debug|Any CPU
		{203B430C-AE0D-4372-BC29-3793D913FB3F}.Debug|x86.ActiveCfg = Debug|Any CPU
		{203B430C-AE0D-4372-BC29-3793D913FB3F}.Release|Any CPU.ActiveCfg = Release|Any CPU
		{203B430C-AE0D-4372-BC29-3793D913FB3F}.Release|Any CPU.Build.0 = Release|Any CPU
		{203B430C-AE0D-4372-BC29-3793D913FB3F}.Release|ARM.ActiveCfg = Release|Any CPU
		{203B430C-AE0D-4372-BC29-3793D913FB3F}.Release|x64.ActiveCfg = Release|Any CPU
		{203B430C-AE0D-4372-BC29-3793D913FB3F}.Release|x86.ActiveCfg = Release|Any CPU
		{69582648-7512-4F0C-B126-661998ACB1FC}.Debug|Any CPU.ActiveCfg = Debug|Any CPU
		{69582648-7512-4F0C-B126-661998ACB1FC}.Debug|Any CPU.Build.0 = Debug|Any CPU
		{69582648-7512-4F0C-B126-661998ACB1FC}.Debug|Any CPU.Deploy.0 = Debug|Any CPU
		{69582648-7512-4F0C-B126-661998ACB1FC}.Debug|ARM.ActiveCfg = Debug|ARM
		{69582648-7512-4F0C-B126-661998ACB1FC}.Debug|ARM.Build.0 = Debug|ARM
		{69582648-7512-4F0C-B126-661998ACB1FC}.Debug|ARM.Deploy.0 = Debug|ARM
		{69582648-7512-4F0C-B126-661998ACB1FC}.Debug|x64.ActiveCfg = Debug|x64
		{69582648-7512-4F0C-B126-661998ACB1FC}.Debug|x64.Build.0 = Debug|x64
		{69582648-7512-4F0C-B126-661998ACB1FC}.Debug|x64.Deploy.0 = Debug|x64
		{69582648-7512-4F0C-B126-661998ACB1FC}.Debug|x86.ActiveCfg = Debug|x86
		{69582648-7512-4F0C-B126-661998ACB1FC}.Debug|x86.Build.0 = Debug|x86
		{69582648-7512-4F0C-B126-661998ACB1FC}.Debug|x86.Deploy.0 = Debug|x86
		{69582648-7512-4F0C-B126-661998ACB1FC}.Release|Any CPU.ActiveCfg = Release|Any CPU
		{69582648-7512-4F0C-B126-661998ACB1FC}.Release|Any CPU.Build.0 = Release|Any CPU
		{69582648-7512-4F0C-B126-661998ACB1FC}.Release|Any CPU.Deploy.0 = Release|Any CPU
		{69582648-7512-4F0C-B126-661998ACB1FC}.Release|ARM.ActiveCfg = Release|ARM
		{69582648-7512-4F0C-B126-661998ACB1FC}.Release|ARM.Build.0 = Release|ARM
		{69582648-7512-4F0C-B126-661998ACB1FC}.Release|ARM.Deploy.0 = Release|ARM
		{69582648-7512-4F0C-B126-661998ACB1FC}.Release|x64.ActiveCfg = Release|x64
		{69582648-7512-4F0C-B126-661998ACB1FC}.Release|x64.Build.0 = Release|x64
		{69582648-7512-4F0C-B126-661998ACB1FC}.Release|x64.Deploy.0 = Release|x64
		{69582648-7512-4F0C-B126-661998ACB1FC}.Release|x86.ActiveCfg = Release|x86
		{69582648-7512-4F0C-B126-661998ACB1FC}.Release|x86.Build.0 = Release|x86
		{69582648-7512-4F0C-B126-661998ACB1FC}.Release|x86.Deploy.0 = Release|x86
	EndGlobalSection
	GlobalSection(SolutionProperties) = preSolution
		HideSolutionNode = FALSE
	EndGlobalSection
EndGlobal
